github.com/google/uuid v1.3.0 h1:t6JiXgmwXMjEs8VusXIJk2BXHsn+wx8BZdTaoZ5fu7I=
github.com/google/uuid v1.3.0/go.mod h1:TIyPZe4MgqvfeYDBFedMoGGpEw/LqOeaOT+nhxU+yHo=
github.com/hashicorp/jsonapi v0.0.0-20210826224640-ee7dae0fb22d h1:9ARUJJ1VVynB176G1HCwleORqCaXm/Vx0uUi0dL26I0=
github.com/hashicorp/jsonapi v0.0.0-20210826224640-ee7dae0fb22d/go.mod h1:Yog5+CPEM3c99L1CL2CFCYoSzgWm5vTU58idbRUaLik=
